
Microsoft Visual Studio Solution File, Format Version 12.00
# Visual Studio Version 17
VisualStudioVersion = 17.2.32630.192
MinimumVisualStudioVersion = 10.0.40219.1
Project("{9A19103F-16F7-4668-BE54-9A1E7A4F7556}") = "BerichtsHeft.Server", "BerichtsHeft\Server\BerichtsHeft.Server.csproj", "{CDF46EEB-4D66-47D9-A933-581B3B05D429}"
EndProject
Project("{9A19103F-16F7-4668-BE54-9A1E7A4F7556}") = "BerichtsHeft.Client", "BerichtsHeft\Client\BerichtsHeft.Client.csproj", "{F390CD31-6CA4-47A0-B306-9AFC4579AC79}"
EndProject
Project("{9A19103F-16F7-4668-BE54-9A1E7A4F7556}") = "BerichtsHeft.Shared", "BerichtsHeft\Shared\BerichtsHeft.Shared.csproj", "{26190204-5DCB-4E1B-9819-6133659CE603}"
EndProject
Project("{9A19103F-16F7-4668-BE54-9A1E7A4F7556}") = "BerichtsHeftServer", "BerichtsHeftServer\BerichtsHeftServer.csproj", "{B590E32B-08ED-440C-8D45-D712D5A2A46E}"
EndProject
Project("{FAE04EC0-301F-11D3-BF4B-00C04F79EFBC}") = "Berichtsheft.Shared.Pages", "Berichtsheft.Shared.Pages\Berichtsheft.Shared.Pages.csproj", "{05F2B65E-3832-4121-A63E-09185A22D79C}"
EndProject
Global
	GlobalSection(SolutionConfigurationPlatforms) = preSolution
		Debug|Any CPU = Debug|Any CPU
		Release|Any CPU = Release|Any CPU
	EndGlobalSection
	GlobalSection(ProjectConfigurationPlatforms) = postSolution
		{CDF46EEB-4D66-47D9-A933-581B3B05D429}.Debug|Any CPU.ActiveCfg = Debug|Any CPU
		{CDF46EEB-4D66-47D9-A933-581B3B05D429}.Debug|Any CPU.Build.0 = Debug|Any CPU
		{CDF46EEB-4D66-47D9-A933-581B3B05D429}.Release|Any CPU.ActiveCfg = Release|Any CPU
		{CDF46EEB-4D66-47D9-A933-581B3B05D429}.Release|Any CPU.Build.0 = Release|Any CPU
		{F390CD31-6CA4-47A0-B306-9AFC4579AC79}.Debug|Any CPU.ActiveCfg = Debug|Any CPU
		{F390CD31-6CA4-47A0-B306-9AFC4579AC79}.Debug|Any CPU.Build.0 = Debug|Any CPU
		{F390CD31-6CA4-47A0-B306-9AFC4579AC79}.Release|Any CPU.ActiveCfg = Release|Any CPU
		{F390CD31-6CA4-47A0-B306-9AFC4579AC79}.Release|Any CPU.Build.0 = Release|Any CPU
		{26190204-5DCB-4E1B-9819-6133659CE603}.Debug|Any CPU.ActiveCfg = Debug|Any CPU
		{26190204-5DCB-4E1B-9819-6133659CE603}.Debug|Any CPU.Build.0 = Debug|Any CPU
		{26190204-5DCB-4E1B-9819-6133659CE603}.Release|Any CPU.ActiveCfg = Release|Any CPU
		{26190204-5DCB-4E1B-9819-6133659CE603}.Release|Any CPU.Build.0 = Release|Any CPU
		{B590E32B-08ED-440C-8D45-D712D5A2A46E}.Debug|Any CPU.ActiveCfg = Debug|Any CPU
		{B590E32B-08ED-440C-8D45-D712D5A2A46E}.Debug|Any CPU.Build.0 = Debug|Any CPU
		{B590E32B-08ED-440C-8D45-D712D5A2A46E}.Release|Any CPU.ActiveCfg = Release|Any CPU
		{B590E32B-08ED-440C-8D45-D712D5A2A46E}.Release|Any CPU.Build.0 = Release|Any CPU
		{05F2B65E-3832-4121-A63E-09185A22D79C}.Debug|Any CPU.ActiveCfg = Debug|Any CPU
		{05F2B65E-3832-4121-A63E-09185A22D79C}.Debug|Any CPU.Build.0 = Debug|Any CPU
		{05F2B65E-3832-4121-A63E-09185A22D79C}.Release|Any CPU.ActiveCfg = Release|Any CPU
		{05F2B65E-3832-4121-A63E-09185A22D79C}.Release|Any CPU.Build.0 = Release|Any CPU
	EndGlobalSection
	GlobalSection(SolutionProperties) = preSolution
		HideSolutionNode = FALSE
	EndGlobalSection
	GlobalSection(ExtensibilityGlobals) = postSolution
		SolutionGuid = {929D5A68-33E6-4656-A723-657B626937E4}
	EndGlobalSection
EndGlobal
